
Microsoft Visual Studio Solution File, Format Version 12.00
# Visual Studio Version 17
VisualStudioVersion = 17.10.35027.167
MinimumVisualStudioVersion = 10.0.40219.1
Project("{FAE04EC0-301F-11D3-BF4B-00C04F79EFBC}") = "Grading Students", "Alternating Characters\Grading Students.csproj", "{C22149C9-A556-4774-AB9A-95D1DC1CB406}"
EndProject
Global
	GlobalSection(SolutionConfigurationPlatforms) = preSolution
		Debug|Any CPU = Debug|Any CPU
		Release|Any CPU = Release|Any CPU
	EndGlobalSection
	GlobalSection(ProjectConfigurationPlatforms) = postSolution
		{C22149C9-A556-4774-AB9A-95D1DC1CB406}.Debug|Any CPU.ActiveCfg = Debug|Any CPU
		{C22149C9-A556-4774-AB9A-95D1DC1CB406}.Debug|Any CPU.Build.0 = Debug|Any CPU
		{C22149C9-A556-4774-AB9A-95D1DC1CB406}.Release|Any CPU.ActiveCfg = Release|Any CPU
		{C22149C9-A556-4774-AB9A-95D1DC1CB406}.Release|Any CPU.Build.0 = Release|Any CPU
	EndGlobalSection
	GlobalSection(SolutionProperties) = preSolution
		HideSolutionNode = FALSE
	EndGlobalSection
	GlobalSection(ExtensibilityGlobals) = postSolution
		SolutionGuid = {E2F2C992-B0B1-4B49-8F27-20F5C1ECC4A6}
	EndGlobalSection
EndGlobal
